
Microsoft Visual Studio Solution File, Format Version 12.00
# Visual Studio Version 17
VisualStudioVersion = 17.7.34018.315
MinimumVisualStudioVersion = 10.0.40219.1
Project("{FAE04EC0-301F-11D3-BF4B-00C04F79EFBC}") = "CadComputadoras2BAC", "CadComputadoras2BAC\CadComputadoras2BAC.csproj", "{ADBB970B-67B7-413B-B2E9-D26EFA39BC2B}"
EndProject
Global
	GlobalSection(SolutionConfigurationPlatforms) = preSolution
		Debug|Any CPU = Debug|Any CPU
		Release|Any CPU = Release|Any CPU
	EndGlobalSection
	GlobalSection(ProjectConfigurationPlatforms) = postSolution
		{ADBB970B-67B7-413B-B2E9-D26EFA39BC2B}.Debug|Any CPU.ActiveCfg = Debug|Any CPU
		{ADBB970B-67B7-413B-B2E9-D26EFA39BC2B}.Debug|Any CPU.Build.0 = Debug|Any CPU
		{ADBB970B-67B7-413B-B2E9-D26EFA39BC2B}.Release|Any CPU.ActiveCfg = Release|Any CPU
		{ADBB970B-67B7-413B-B2E9-D26EFA39BC2B}.Release|Any CPU.Build.0 = Release|Any CPU
	EndGlobalSection
	GlobalSection(SolutionProperties) = preSolution
		HideSolutionNode = FALSE
	EndGlobalSection
	GlobalSection(ExtensibilityGlobals) = postSolution
		SolutionGuid = {F344B619-5145-4AFB-988A-3635EBCF0D58}
	EndGlobalSection
EndGlobal
