
Microsoft Visual Studio Solution File, Format Version 12.00
# Visual Studio Version 17
VisualStudioVersion = 17.7.34018.315
MinimumVisualStudioVersion = 10.0.40219.1
Project("{FAE04EC0-301F-11D3-BF4B-00C04F79EFBC}") = "CadComputadoras2BAC", "CadComputadoras2BAC\CadComputadoras2BAC.csproj", "{ADBB970B-67B7-413B-B2E9-D26EFA39BC2B}"
EndProject
Project("{FAE04EC0-301F-11D3-BF4B-00C04F79EFBC}") = "ClnComputadoras2BAC", "ClnComputadoras2BAC\ClnComputadoras2BAC.csproj", "{5006C8B4-CBD5-484A-8B61-24BF2C7B178E}"
EndProject
Project("{FAE04EC0-301F-11D3-BF4B-00C04F79EFBC}") = "CpComputadoras2BAC", "CpComputadoras2BAC\CpComputadoras2BAC.csproj", "{89D539E9-3AFA-4EF9-89C8-4D7EE9A44B06}"
EndProject
Global
	GlobalSection(SolutionConfigurationPlatforms) = preSolution
		Debug|Any CPU = Debug|Any CPU
		Release|Any CPU = Release|Any CPU
	EndGlobalSection
	GlobalSection(ProjectConfigurationPlatforms) = postSolution
		{ADBB970B-67B7-413B-B2E9-D26EFA39BC2B}.Debug|Any CPU.ActiveCfg = Debug|Any CPU
		{ADBB970B-67B7-413B-B2E9-D26EFA39BC2B}.Debug|Any CPU.Build.0 = Debug|Any CPU
		{ADBB970B-67B7-413B-B2E9-D26EFA39BC2B}.Release|Any CPU.ActiveCfg = Release|Any CPU
		{ADBB970B-67B7-413B-B2E9-D26EFA39BC2B}.Release|Any CPU.Build.0 = Release|Any CPU
		{5006C8B4-CBD5-484A-8B61-24BF2C7B178E}.Debug|Any CPU.ActiveCfg = Debug|Any CPU
		{5006C8B4-CBD5-484A-8B61-24BF2C7B178E}.Debug|Any CPU.Build.0 = Debug|Any CPU
		{5006C8B4-CBD5-484A-8B61-24BF2C7B178E}.Release|Any CPU.ActiveCfg = Release|Any CPU
		{5006C8B4-CBD5-484A-8B61-24BF2C7B178E}.Release|Any CPU.Build.0 = Release|Any CPU
		{89D539E9-3AFA-4EF9-89C8-4D7EE9A44B06}.Debug|Any CPU.ActiveCfg = Debug|Any CPU
		{89D539E9-3AFA-4EF9-89C8-4D7EE9A44B06}.Debug|Any CPU.Build.0 = Debug|Any CPU
		{89D539E9-3AFA-4EF9-89C8-4D7EE9A44B06}.Release|Any CPU.ActiveCfg = Release|Any CPU
		{89D539E9-3AFA-4EF9-89C8-4D7EE9A44B06}.Release|Any CPU.Build.0 = Release|Any CPU
	EndGlobalSection
	GlobalSection(SolutionProperties) = preSolution
		HideSolutionNode = FALSE
	EndGlobalSection
	GlobalSection(ExtensibilityGlobals) = postSolution
		SolutionGuid = {F344B619-5145-4AFB-988A-3635EBCF0D58}
	EndGlobalSection
EndGlobal
